
Microsoft Visual Studio Solution File, Format Version 12.00
# Visual Studio Version 17
VisualStudioVersion = 17.5.33530.505
MinimumVisualStudioVersion = 10.0.40219.1
Project("{9A19103F-16F7-4668-BE54-9A1E7A4F7556}") = "tppolabaend", "tppolabaend\tppolabaend.csproj", "{648058B5-4EF2-4387-87D8-45E1424D4BBE}"
EndProject
Project("{9A19103F-16F7-4668-BE54-9A1E7A4F7556}") = "TestsRobot", "TestsRobot\TestsRobot.csproj", "{501C38EE-CF00-48C3-9191-AC0DD726267E}"
EndProject
Global
	GlobalSection(SolutionConfigurationPlatforms) = preSolution
		Debug|Any CPU = Debug|Any CPU
		Release|Any CPU = Release|Any CPU
	EndGlobalSection
	GlobalSection(ProjectConfigurationPlatforms) = postSolution
		{648058B5-4EF2-4387-87D8-45E1424D4BBE}.Debug|Any CPU.ActiveCfg = Debug|Any CPU
		{648058B5-4EF2-4387-87D8-45E1424D4BBE}.Debug|Any CPU.Build.0 = Debug|Any CPU
		{648058B5-4EF2-4387-87D8-45E1424D4BBE}.Release|Any CPU.ActiveCfg = Release|Any CPU
		{648058B5-4EF2-4387-87D8-45E1424D4BBE}.Release|Any CPU.Build.0 = Release|Any CPU
		{501C38EE-CF00-48C3-9191-AC0DD726267E}.Debug|Any CPU.ActiveCfg = Debug|Any CPU
		{501C38EE-CF00-48C3-9191-AC0DD726267E}.Debug|Any CPU.Build.0 = Debug|Any CPU
		{501C38EE-CF00-48C3-9191-AC0DD726267E}.Release|Any CPU.ActiveCfg = Release|Any CPU
		{501C38EE-CF00-48C3-9191-AC0DD726267E}.Release|Any CPU.Build.0 = Release|Any CPU
	EndGlobalSection
	GlobalSection(SolutionProperties) = preSolution
		HideSolutionNode = FALSE
	EndGlobalSection
	GlobalSection(ExtensibilityGlobals) = postSolution
		SolutionGuid = {3989FEB5-6994-43C8-9D46-AB738E355824}
	EndGlobalSection
EndGlobal
